# This file is automatically @generated by Cargo.
# It is not intended for manual editing.
version = 3

[[package]]
name = "mini-c-parser"
version = "0.12.0"
dependencies = [
 "rusty_parser",
]

[[package]]
name = "rusty_parser"
version = "1.1.0"
source = "registry+https://github.com/rust-lang/crates.io-index"
checksum = "a0d4bd88bbc485acc1f3d26157ad5dd519e08c0e5a265a9601a8245b4eb195cd"
