# This file is automatically @generated by Cargo.
# It is not intended for manual editing.
version = 3

[[package]]
name = "mini-c-parser"
version = "0.4.0"
dependencies = [
 "rusty_parser",
]

[[package]]
name = "rusty_parser"
version = "1.0.2"
source = "registry+https://github.com/rust-lang/crates.io-index"
checksum = "b937e70e19f866fc12160d9415ff942c4682aa03fa7c49d203e9c7ac0653d425"
